
Microsoft Visual Studio Solution File, Format Version 11.00
# Visual Studio 2010
Project("{FAE04EC0-301F-11D3-BF4B-00C04F79EFBC}") = "Assembly-CSharp", "Assembly-CSharp.csproj", "{40ceae8e-14da-d1eb-a82f-00dd58fa1f23}"
EndProject
Project("{FAE04EC0-301F-11D3-BF4B-00C04F79EFBC}") = "Balancy", "Balancy.csproj", "{0555a003-7011-9174-a525-77da22dac1ba}"
EndProject
Project("{FAE04EC0-301F-11D3-BF4B-00C04F79EFBC}") = "Balancy.Editor", "Balancy.Editor.csproj", "{ee2aebd4-0fdb-51d8-c124-7095bf76c161}"
EndProject
Global
	GlobalSection(SolutionConfigurationPlatforms) = preSolution
		Debug|Any CPU = Debug|Any CPU
		Release|Any CPU = Release|Any CPU
	EndGlobalSection
	GlobalSection(ProjectConfigurationPlatforms) = postSolution
		{40ceae8e-14da-d1eb-a82f-00dd58fa1f23}.Debug|Any CPU.ActiveCfg = Debug|Any CPU
		{40ceae8e-14da-d1eb-a82f-00dd58fa1f23}.Debug|Any CPU.Build.0 = Debug|Any CPU
		{40ceae8e-14da-d1eb-a82f-00dd58fa1f23}.Release|Any CPU.ActiveCfg = Release|Any CPU
		{40ceae8e-14da-d1eb-a82f-00dd58fa1f23}.Release|Any CPU.Build.0 = Release|Any CPU
		{0555a003-7011-9174-a525-77da22dac1ba}.Debug|Any CPU.ActiveCfg = Debug|Any CPU
		{0555a003-7011-9174-a525-77da22dac1ba}.Debug|Any CPU.Build.0 = Debug|Any CPU
		{0555a003-7011-9174-a525-77da22dac1ba}.Release|Any CPU.ActiveCfg = Release|Any CPU
		{0555a003-7011-9174-a525-77da22dac1ba}.Release|Any CPU.Build.0 = Release|Any CPU
		{ee2aebd4-0fdb-51d8-c124-7095bf76c161}.Debug|Any CPU.ActiveCfg = Debug|Any CPU
		{ee2aebd4-0fdb-51d8-c124-7095bf76c161}.Debug|Any CPU.Build.0 = Debug|Any CPU
		{ee2aebd4-0fdb-51d8-c124-7095bf76c161}.Release|Any CPU.ActiveCfg = Release|Any CPU
		{ee2aebd4-0fdb-51d8-c124-7095bf76c161}.Release|Any CPU.Build.0 = Release|Any CPU
	EndGlobalSection
	GlobalSection(SolutionProperties) = preSolution
		HideSolutionNode = FALSE
	EndGlobalSection
EndGlobal
